// !$*UTF8*$!
{
	archiveVersion = 1;
	classes = {
	};
	objectVersion = 42;
	objects = {

/* Begin PBXBuildFile section */
		61E14D8217A32A170051B132 /* QuickTimeTcl.h in Headers */ = {isa = PBXBuildFile; fileRef = F515103D037FEFAD01FE12CD /* QuickTimeTcl.h */; };
		61E14D8317A32A170051B132 /* Tfp_Arrays.h in Headers */ = {isa = PBXBuildFile; fileRef = F5151043037FEFCC01FE12CD /* Tfp_Arrays.h */; };
		61E14D8417A32A170051B132 /* MoviePlayer.h in Headers */ = {isa = PBXBuildFile; fileRef = 9A5EB6E9041F7AFF00D04299 /* MoviePlayer.h */; };
		61E14D8517A32A170051B132 /* SeqGrabber.h in Headers */ = {isa = PBXBuildFile; fileRef = 9A5EB6ED041F7B1A00D04299 /* SeqGrabber.h */; };
		61E14D8617A32A170051B132 /* osxMacTcl.h in Headers */ = {isa = PBXBuildFile; fileRef = 9A57F99F0428A72A0092B6B0 /* osxMacTcl.h */; };
		61E14D8717A32A170051B132 /* Broadcast.h in Headers */ = {isa = PBXBuildFile; fileRef = 9A92936C0431F9F100FE9F03 /* Broadcast.h */; };
		61E14D8917A32A170051B132 /* MoviePlayer.c in Sources */ = {isa = PBXBuildFile; fileRef = F5151035037FEF6D01FE12CD /* MoviePlayer.c */; };
		61E14D8A17A32A170051B132 /* MovieQTVRUtils.c in Sources */ = {isa = PBXBuildFile; fileRef = F5151036037FEF6D01FE12CD /* MovieQTVRUtils.c */; };
		61E14D8B17A32A170051B132 /* QuickTimeTcl.c in Sources */ = {isa = PBXBuildFile; fileRef = F515103B037FEFAD01FE12CD /* QuickTimeTcl.c */; };
		61E14D8C17A32A170051B132 /* SeqGrabber.c in Sources */ = {isa = PBXBuildFile; fileRef = F5151041037FEFCC01FE12CD /* SeqGrabber.c */; };
		61E14D8D17A32A170051B132 /* Tfp_Arrays.c in Sources */ = {isa = PBXBuildFile; fileRef = F5151042037FEFCC01FE12CD /* Tfp_Arrays.c */; };
		61E14D8E17A32A170051B132 /* TimeCode.c in Sources */ = {isa = PBXBuildFile; fileRef = 9A89517C03F514530038A759 /* TimeCode.c */; };
		61E14D8F17A32A170051B132 /* UserData.c in Sources */ = {isa = PBXBuildFile; fileRef = 9A9603150410D07700CBE39A /* UserData.c */; };
		61E14D9017A32A170051B132 /* EffectCommand.c in Sources */ = {isa = PBXBuildFile; fileRef = 9A5EB6E3041F7ACF00D04299 /* EffectCommand.c */; };
		61E14D9117A32A170051B132 /* ExportCommand.c in Sources */ = {isa = PBXBuildFile; fileRef = 9A5EB6E5041F7ADF00D04299 /* ExportCommand.c */; };
		61E14D9217A32A170051B132 /* MovieCallBack.c in Sources */ = {isa = PBXBuildFile; fileRef = 9A5EB6E7041F7AF100D04299 /* MovieCallBack.c */; };
		61E14D9317A32A170051B132 /* MovieUtils.c in Sources */ = {isa = PBXBuildFile; fileRef = 9A5EB6EB041F7B0B00D04299 /* MovieUtils.c */; };
		61E14D9417A32A170051B132 /* TracksCommand.c in Sources */ = {isa = PBXBuildFile; fileRef = 9A5EB6EF041F7B2B00D04299 /* TracksCommand.c */; };
		61E14D9517A32A170051B132 /* Utils.c in Sources */ = {isa = PBXBuildFile; fileRef = 9A5EB6F1041F7B3800D04299 /* Utils.c */; };
		61E14D9617A32A170051B132 /* osxMacTcl.c in Sources */ = {isa = PBXBuildFile; fileRef = 9A57F99D0428A7190092B6B0 /* osxMacTcl.c */; };
		61E14D9717A32A170051B132 /* Broadcast.c in Sources */ = {isa = PBXBuildFile; fileRef = 9A92936A0431F94D00FE9F03 /* Broadcast.c */; };
		61E14D9817A32A170051B132 /* NavigationGetFile.c in Sources */ = {isa = PBXBuildFile; fileRef = F5151039037FEF8801FE12CD /* NavigationGetFile.c */; };
		61E14D9917A32A170051B132 /* SystemUI.c in Sources */ = {isa = PBXBuildFile; fileRef = 9AE343390651FC5500D67178 /* SystemUI.c */; };
		61E14D9B17A32A170051B132 /* Carbon.framework in Frameworks */ = {isa = PBXBuildFile; fileRef = 08FB77AAFE841565C02AAC07 /* Carbon.framework */; };
		61E14D9C17A32A170051B132 /* QuickTime.framework in Frameworks */ = {isa = PBXBuildFile; fileRef = F5151047037FF19401FE12CD /* QuickTime.framework */; };
		61E14D9D17A32A170051B132 /* CoreServices.framework in Frameworks */ = {isa = PBXBuildFile; fileRef = F5564883038142E001A4FCC0 /* CoreServices.framework */; };
		61E14D9E17A32A170051B132 /* libtclstub8.4.a in Frameworks */ = {isa = PBXBuildFile; fileRef = 9A57846A043C3778009A6529 /* libtclstub8.4.a */; };
		61E14D9F17A32A170051B132 /* libtkstub8.4.a in Frameworks */ = {isa = PBXBuildFile; fileRef = 9A57846C043C37A8009A6529 /* libtkstub8.4.a */; };
		61E1510917A3349E0051B132 /* Utils.h in Headers */ = {isa = PBXBuildFile; fileRef = 61E150FF17A3339A0051B132 /* Utils.h */; };
		9A1DB81C043C78B100B00F29 /* NavigationGetFile.c in Sources */ = {isa = PBXBuildFile; fileRef = F5151039037FEF8801FE12CD /* NavigationGetFile.c */; };
		9A57846B043C3778009A6529 /* libtclstub8.4.a in Frameworks */ = {isa = PBXBuildFile; fileRef = 9A57846A043C3778009A6529 /* libtclstub8.4.a */; };
		9A57846D043C37A8009A6529 /* libtkstub8.4.a in Frameworks */ = {isa = PBXBuildFile; fileRef = 9A57846C043C37A8009A6529 /* libtkstub8.4.a */; };
		9A57F99E0428A7190092B6B0 /* osxMacTcl.c in Sources */ = {isa = PBXBuildFile; fileRef = 9A57F99D0428A7190092B6B0 /* osxMacTcl.c */; };
		9A57F9A00428A72A0092B6B0 /* osxMacTcl.h in Headers */ = {isa = PBXBuildFile; fileRef = 9A57F99F0428A72A0092B6B0 /* osxMacTcl.h */; };
		9A5EB6E4041F7ACF00D04299 /* EffectCommand.c in Sources */ = {isa = PBXBuildFile; fileRef = 9A5EB6E3041F7ACF00D04299 /* EffectCommand.c */; };
		9A5EB6E6041F7ADF00D04299 /* ExportCommand.c in Sources */ = {isa = PBXBuildFile; fileRef = 9A5EB6E5041F7ADF00D04299 /* ExportCommand.c */; };
		9A5EB6E8041F7AF100D04299 /* MovieCallBack.c in Sources */ = {isa = PBXBuildFile; fileRef = 9A5EB6E7041F7AF100D04299 /* MovieCallBack.c */; };
		9A5EB6EA041F7AFF00D04299 /* MoviePlayer.h in Headers */ = {isa = PBXBuildFile; fileRef = 9A5EB6E9041F7AFF00D04299 /* MoviePlayer.h */; };
		9A5EB6EC041F7B0B00D04299 /* MovieUtils.c in Sources */ = {isa = PBXBuildFile; fileRef = 9A5EB6EB041F7B0B00D04299 /* MovieUtils.c */; };
		9A5EB6EE041F7B1A00D04299 /* SeqGrabber.h in Headers */ = {isa = PBXBuildFile; fileRef = 9A5EB6ED041F7B1A00D04299 /* SeqGrabber.h */; };
		9A5EB6F0041F7B2B00D04299 /* TracksCommand.c in Sources */ = {isa = PBXBuildFile; fileRef = 9A5EB6EF041F7B2B00D04299 /* TracksCommand.c */; };
		9A5EB6F2041F7B3800D04299 /* Utils.c in Sources */ = {isa = PBXBuildFile; fileRef = 9A5EB6F1041F7B3800D04299 /* Utils.c */; };
		9A750F2B04330FE000A8000C /* Broadcast.c in Sources */ = {isa = PBXBuildFile; fileRef = 9A92936A0431F94D00FE9F03 /* Broadcast.c */; };
		9A750F2C04330FE200A8000C /* Broadcast.h in Headers */ = {isa = PBXBuildFile; fileRef = 9A92936C0431F9F100FE9F03 /* Broadcast.h */; };
		9A89517D03F514530038A759 /* TimeCode.c in Sources */ = {isa = PBXBuildFile; fileRef = 9A89517C03F514530038A759 /* TimeCode.c */; };
		9A9603160410D07700CBE39A /* UserData.c in Sources */ = {isa = PBXBuildFile; fileRef = 9A9603150410D07700CBE39A /* UserData.c */; };
		9AE3433B0651FC5500D67178 /* SystemUI.c in Sources */ = {isa = PBXBuildFile; fileRef = 9AE343390651FC5500D67178 /* SystemUI.c */; };
		F5151037037FEF6D01FE12CD /* MoviePlayer.c in Sources */ = {isa = PBXBuildFile; fileRef = F5151035037FEF6D01FE12CD /* MoviePlayer.c */; };
		F5151038037FEF6D01FE12CD /* MovieQTVRUtils.c in Sources */ = {isa = PBXBuildFile; fileRef = F5151036037FEF6D01FE12CD /* MovieQTVRUtils.c */; };
		F515103E037FEFAD01FE12CD /* QuickTimeTcl.c in Sources */ = {isa = PBXBuildFile; fileRef = F515103B037FEFAD01FE12CD /* QuickTimeTcl.c */; };
		F5151040037FEFAD01FE12CD /* QuickTimeTcl.h in Headers */ = {isa = PBXBuildFile; fileRef = F515103D037FEFAD01FE12CD /* QuickTimeTcl.h */; };
		F5151044037FEFCC01FE12CD /* SeqGrabber.c in Sources */ = {isa = PBXBuildFile; fileRef = F5151041037FEFCC01FE12CD /* SeqGrabber.c */; };
		F5151045037FEFCC01FE12CD /* Tfp_Arrays.c in Sources */ = {isa = PBXBuildFile; fileRef = F5151042037FEFCC01FE12CD /* Tfp_Arrays.c */; };
		F5151046037FEFCC01FE12CD /* Tfp_Arrays.h in Headers */ = {isa = PBXBuildFile; fileRef = F5151043037FEFCC01FE12CD /* Tfp_Arrays.h */; };
		F5151068037FF19401FE12CD /* QuickTime.framework in Frameworks */ = {isa = PBXBuildFile; fileRef = F5151047037FF19401FE12CD /* QuickTime.framework */; };
		F5509190036C35B40130931B /* Carbon.framework in Frameworks */ = {isa = PBXBuildFile; fileRef = 08FB77AAFE841565C02AAC07 /* Carbon.framework */; };
		F55648FE038142E001A4FCC0 /* CoreServices.framework in Frameworks */ = {isa = PBXBuildFile; fileRef = F5564883038142E001A4FCC0 /* CoreServices.framework */; };
/* End PBXBuildFile section */

/* Begin PBXFileReference section */
		08FB77AAFE841565C02AAC07 /* Carbon.framework */ = {isa = PBXFileReference; lastKnownFileType = wrapper.framework; name = Carbon.framework; path = /System/Library/Frameworks/Carbon.framework; sourceTree = "<absolute>"; };
		61E14DA617A32A180051B132 /* QuickTimeTcl3.1.dylib */ = {isa = PBXFileReference; explicitFileType = "compiled.mach-o.dylib"; includeInIndex = 0; path = QuickTimeTcl3.1.dylib; sourceTree = BUILT_PRODUCTS_DIR; };
		61E150FF17A3339A0051B132 /* Utils.h */ = {isa = PBXFileReference; explicitFileType = sourcecode.c.h; fileEncoding = 4; path = Utils.h; sourceTree = "<group>"; };
		9A578441043C3672009A6529 /* Tcl.framework */ = {isa = PBXFileReference; lastKnownFileType = wrapper.framework; name = Tcl.framework; path = /Library/Frameworks/Tcl.framework; sourceTree = "<absolute>"; };
		9A578465043C369F009A6529 /* Tk.framework */ = {isa = PBXFileReference; lastKnownFileType = wrapper.framework; name = Tk.framework; path = /Library/Frameworks/Tk.framework; sourceTree = "<absolute>"; };
		9A57846A043C3778009A6529 /* libtclstub8.4.a */ = {isa = PBXFileReference; lastKnownFileType = archive.ar; name = libtclstub8.4.a; path = /Library/Frameworks/Tcl.framework/libtclstub8.4.a; sourceTree = "<absolute>"; };
		9A57846C043C37A8009A6529 /* libtkstub8.4.a */ = {isa = PBXFileReference; lastKnownFileType = archive.ar; name = libtkstub8.4.a; path = /Library/Frameworks/Tk.framework/libtkstub8.4.a; sourceTree = "<absolute>"; };
		9A57F99D0428A7190092B6B0 /* osxMacTcl.c */ = {isa = PBXFileReference; fileEncoding = 30; lastKnownFileType = sourcecode.c.c; path = osxMacTcl.c; sourceTree = "<group>"; };
		9A57F99F0428A72A0092B6B0 /* osxMacTcl.h */ = {isa = PBXFileReference; fileEncoding = 30; lastKnownFileType = sourcecode.c.h; path = osxMacTcl.h; sourceTree = "<group>"; };
		9A5EB6E3041F7ACF00D04299 /* EffectCommand.c */ = {isa = PBXFileReference; fileEncoding = 30; lastKnownFileType = sourcecode.c.c; path = EffectCommand.c; sourceTree = SOURCE_ROOT; };
		9A5EB6E5041F7ADF00D04299 /* ExportCommand.c */ = {isa = PBXFileReference; fileEncoding = 30; lastKnownFileType = sourcecode.c.c; path = ExportCommand.c; sourceTree = SOURCE_ROOT; };
		9A5EB6E7041F7AF100D04299 /* MovieCallBack.c */ = {isa = PBXFileReference; fileEncoding = 30; lastKnownFileType = sourcecode.c.c; path = MovieCallBack.c; sourceTree = SOURCE_ROOT; };
		9A5EB6E9041F7AFF00D04299 /* MoviePlayer.h */ = {isa = PBXFileReference; fileEncoding = 30; lastKnownFileType = sourcecode.c.h; path = MoviePlayer.h; sourceTree = SOURCE_ROOT; };
		9A5EB6EB041F7B0B00D04299 /* MovieUtils.c */ = {isa = PBXFileReference; fileEncoding = 30; lastKnownFileType = sourcecode.c.c; path = MovieUtils.c; sourceTree = SOURCE_ROOT; };
		9A5EB6ED041F7B1A00D04299 /* SeqGrabber.h */ = {isa = PBXFileReference; fileEncoding = 30; lastKnownFileType = sourcecode.c.h; path = SeqGrabber.h; sourceTree = SOURCE_ROOT; };
		9A5EB6EF041F7B2B00D04299 /* TracksCommand.c */ = {isa = PBXFileReference; fileEncoding = 30; lastKnownFileType = sourcecode.c.c; path = TracksCommand.c; sourceTree = SOURCE_ROOT; };
		9A5EB6F1041F7B3800D04299 /* Utils.c */ = {isa = PBXFileReference; fileEncoding = 30; lastKnownFileType = sourcecode.c.c; path = Utils.c; sourceTree = SOURCE_ROOT; };
		9A89517C03F514530038A759 /* TimeCode.c */ = {isa = PBXFileReference; fileEncoding = 30; lastKnownFileType = sourcecode.c.c; path = TimeCode.c; sourceTree = SOURCE_ROOT; };
		9A92936A0431F94D00FE9F03 /* Broadcast.c */ = {isa = PBXFileReference; fileEncoding = 30; lastKnownFileType = sourcecode.c.c; path = Broadcast.c; sourceTree = SOURCE_ROOT; };
		9A92936C0431F9F100FE9F03 /* Broadcast.h */ = {isa = PBXFileReference; fileEncoding = 30; lastKnownFileType = sourcecode.c.h; path = Broadcast.h; sourceTree = SOURCE_ROOT; };
		9A9603150410D07700CBE39A /* UserData.c */ = {isa = PBXFileReference; fileEncoding = 30; lastKnownFileType = sourcecode.c.c; path = UserData.c; sourceTree = SOURCE_ROOT; };
		9AE343390651FC5500D67178 /* SystemUI.c */ = {isa = PBXFileReference; fileEncoding = 4; lastKnownFileType = sourcecode.c.c; path = SystemUI.c; sourceTree = "<group>"; };
		F5151035037FEF6D01FE12CD /* MoviePlayer.c */ = {isa = PBXFileReference; fileEncoding = 30; lastKnownFileType = sourcecode.c.c; path = MoviePlayer.c; sourceTree = "<group>"; };
		F5151036037FEF6D01FE12CD /* MovieQTVRUtils.c */ = {isa = PBXFileReference; fileEncoding = 30; lastKnownFileType = sourcecode.c.c; path = MovieQTVRUtils.c; sourceTree = "<group>"; };
		F5151039037FEF8801FE12CD /* NavigationGetFile.c */ = {isa = PBXFileReference; fileEncoding = 30; lastKnownFileType = sourcecode.c.c; path = NavigationGetFile.c; sourceTree = "<group>"; };
		F515103B037FEFAD01FE12CD /* QuickTimeTcl.c */ = {isa = PBXFileReference; fileEncoding = 30; lastKnownFileType = sourcecode.c.c; path = QuickTimeTcl.c; sourceTree = "<group>"; };
		F515103D037FEFAD01FE12CD /* QuickTimeTcl.h */ = {isa = PBXFileReference; fileEncoding = 30; lastKnownFileType = sourcecode.c.h; path = QuickTimeTcl.h; sourceTree = "<group>"; };
		F5151041037FEFCC01FE12CD /* SeqGrabber.c */ = {isa = PBXFileReference; fileEncoding = 30; lastKnownFileType = sourcecode.c.c; path = SeqGrabber.c; sourceTree = "<group>"; };
		F5151042037FEFCC01FE12CD /* Tfp_Arrays.c */ = {isa = PBXFileReference; fileEncoding = 30; lastKnownFileType = sourcecode.c.c; path = Tfp_Arrays.c; sourceTree = "<group>"; };
		F5151043037FEFCC01FE12CD /* Tfp_Arrays.h */ = {isa = PBXFileReference; fileEncoding = 30; lastKnownFileType = sourcecode.c.h; path = Tfp_Arrays.h; sourceTree = "<group>"; };
		F5151047037FF19401FE12CD /* QuickTime.framework */ = {isa = PBXFileReference; lastKnownFileType = wrapper.framework; name = QuickTime.framework; path = /System/Library/Frameworks/QuickTime.framework; sourceTree = "<absolute>"; };
		F550918E036C35030130931B /* QuickTimeTcl3.1.dylib */ = {isa = PBXFileReference; explicitFileType = "compiled.mach-o.dylib"; path = QuickTimeTcl3.1.dylib; sourceTree = BUILT_PRODUCTS_DIR; };
		F5564883038142E001A4FCC0 /* CoreServices.framework */ = {isa = PBXFileReference; lastKnownFileType = wrapper.framework; name = CoreServices.framework; path = /System/Library/Frameworks/CoreServices.framework; sourceTree = "<absolute>"; };
/* End PBXFileReference section */

/* Begin PBXFrameworksBuildPhase section */
		61E14D9A17A32A170051B132 /* Frameworks */ = {
			isa = PBXFrameworksBuildPhase;
			buildActionMask = 2147483647;
			files = (
				61E14D9B17A32A170051B132 /* Carbon.framework in Frameworks */,
				61E14D9C17A32A170051B132 /* QuickTime.framework in Frameworks */,
				61E14D9D17A32A170051B132 /* CoreServices.framework in Frameworks */,
				61E14D9E17A32A170051B132 /* libtclstub8.4.a in Frameworks */,
				61E14D9F17A32A170051B132 /* libtkstub8.4.a in Frameworks */,
			);
			runOnlyForDeploymentPostprocessing = 0;
		};
		F550918B036C35030130931B /* Frameworks */ = {
			isa = PBXFrameworksBuildPhase;
			buildActionMask = 2147483647;
			files = (
				F5509190036C35B40130931B /* Carbon.framework in Frameworks */,
				F5151068037FF19401FE12CD /* QuickTime.framework in Frameworks */,
				F55648FE038142E001A4FCC0 /* CoreServices.framework in Frameworks */,
				9A57846B043C3778009A6529 /* libtclstub8.4.a in Frameworks */,
				9A57846D043C37A8009A6529 /* libtkstub8.4.a in Frameworks */,
			);
			runOnlyForDeploymentPostprocessing = 0;
		};
/* End PBXFrameworksBuildPhase section */

/* Begin PBXGroup section */
		034768DDFF38A45A11DB9C8B /* Products */ = {
			isa = PBXGroup;
			children = (
				F550918E036C35030130931B /* QuickTimeTcl3.1.dylib */,
				61E14DA617A32A180051B132 /* QuickTimeTcl3.1.dylib */,
			);
			name = Products;
			sourceTree = "<group>";
		};
		0867D691FE84028FC02AAC07 /* MatsFramework */ = {
			isa = PBXGroup;
			children = (
				08FB77ACFE841707C02AAC07 /* Source */,
				034768DDFF38A45A11DB9C8B /* Products */,
				089C1665FE841158C02AAC07 /* Resources */,
				0867D69AFE84028FC02AAC07 /* External Frameworks and Libraries */,
			);
			name = MatsFramework;
			sourceTree = "<group>";
		};
		0867D69AFE84028FC02AAC07 /* External Frameworks and Libraries */ = {
			isa = PBXGroup;
			children = (
				08FB77AAFE841565C02AAC07 /* Carbon.framework */,
				F5151047037FF19401FE12CD /* QuickTime.framework */,
				F5564883038142E001A4FCC0 /* CoreServices.framework */,
				9A578441043C3672009A6529 /* Tcl.framework */,
				9A57846A043C3778009A6529 /* libtclstub8.4.a */,
				9A578465043C369F009A6529 /* Tk.framework */,
				9A57846C043C37A8009A6529 /* libtkstub8.4.a */,
			);
			name = "External Frameworks and Libraries";
			sourceTree = "<group>";
		};
		089C1665FE841158C02AAC07 /* Resources */ = {
			isa = PBXGroup;
			children = (
			);
			name = Resources;
			sourceTree = "<group>";
		};
		08FB77ACFE841707C02AAC07 /* Source */ = {
			isa = PBXGroup;
			children = (
				61E150FF17A3339A0051B132 /* Utils.h */,
				F515103B037FEFAD01FE12CD /* QuickTimeTcl.c */,
				F515103D037FEFAD01FE12CD /* QuickTimeTcl.h */,
				F5151035037FEF6D01FE12CD /* MoviePlayer.c */,
				9A5EB6E9041F7AFF00D04299 /* MoviePlayer.h */,
				9A5EB6E3041F7ACF00D04299 /* EffectCommand.c */,
				9A5EB6E5041F7ADF00D04299 /* ExportCommand.c */,
				9A5EB6E7041F7AF100D04299 /* MovieCallBack.c */,
				F5151036037FEF6D01FE12CD /* MovieQTVRUtils.c */,
				9A5EB6EB041F7B0B00D04299 /* MovieUtils.c */,
				9A89517C03F514530038A759 /* TimeCode.c */,
				9A5EB6EF041F7B2B00D04299 /* TracksCommand.c */,
				9A9603150410D07700CBE39A /* UserData.c */,
				F5151041037FEFCC01FE12CD /* SeqGrabber.c */,
				9A5EB6ED041F7B1A00D04299 /* SeqGrabber.h */,
				9A92936A0431F94D00FE9F03 /* Broadcast.c */,
				9A92936C0431F9F100FE9F03 /* Broadcast.h */,
				9A5EB6F1041F7B3800D04299 /* Utils.c */,
				F5151039037FEF8801FE12CD /* NavigationGetFile.c */,
				F5151042037FEFCC01FE12CD /* Tfp_Arrays.c */,
				F5151043037FEFCC01FE12CD /* Tfp_Arrays.h */,
				9A57F99D0428A7190092B6B0 /* osxMacTcl.c */,
				9A57F99F0428A72A0092B6B0 /* osxMacTcl.h */,
				9AE343390651FC5500D67178 /* SystemUI.c */,
			);
			name = Source;
			sourceTree = "<group>";
		};
/* End PBXGroup section */

/* Begin PBXHeadersBuildPhase section */
		61E14D8117A32A170051B132 /* Headers */ = {
			isa = PBXHeadersBuildPhase;
			buildActionMask = 2147483647;
			files = (
				61E1510917A3349E0051B132 /* Utils.h in Headers */,
				61E14D8217A32A170051B132 /* QuickTimeTcl.h in Headers */,
				61E14D8317A32A170051B132 /* Tfp_Arrays.h in Headers */,
				61E14D8417A32A170051B132 /* MoviePlayer.h in Headers */,
				61E14D8517A32A170051B132 /* SeqGrabber.h in Headers */,
				61E14D8617A32A170051B132 /* osxMacTcl.h in Headers */,
				61E14D8717A32A170051B132 /* Broadcast.h in Headers */,
			);
			runOnlyForDeploymentPostprocessing = 0;
		};
		F5509189036C35030130931B /* Headers */ = {
			isa = PBXHeadersBuildPhase;
			buildActionMask = 2147483647;
			files = (
				F5151040037FEFAD01FE12CD /* QuickTimeTcl.h in Headers */,
				F5151046037FEFCC01FE12CD /* Tfp_Arrays.h in Headers */,
				9A5EB6EA041F7AFF00D04299 /* MoviePlayer.h in Headers */,
				9A5EB6EE041F7B1A00D04299 /* SeqGrabber.h in Headers */,
				9A57F9A00428A72A0092B6B0 /* osxMacTcl.h in Headers */,
				9A750F2C04330FE200A8000C /* Broadcast.h in Headers */,
			);
			runOnlyForDeploymentPostprocessing = 0;
		};
/* End PBXHeadersBuildPhase section */

/* Begin PBXLibraryTarget section */
		F550918D036C35030130931B /* QuickTimeTcl dylib */ = {
			isa = PBXLibraryTarget;
			buildConfigurationList = A533E92C16093BEE00C683E3 /* Build configuration list for PBXLibraryTarget "QuickTimeTcl dylib" */;
			buildPhases = (
				9A57CB83042709AD000D8B82 /* ShellScript */,
				F5509189036C35030130931B /* Headers */,
				F550918A036C35030130931B /* Sources */,
				F550918B036C35030130931B /* Frameworks */,
				F550918C036C35030130931B /* Rez */,
				9A57CB84042709D4000D8B82 /* ShellScript */,
			);
			dependencies = (
			);
			name = "QuickTimeTcl dylib";
			productInstallPath = "/Library/Tcl/QuickTimeTcl${DYLIB_COMPATIBILITY_VERSION}";
			productName = "MovableAlerts dylib";
			productReference = F550918E036C35030130931B /* QuickTimeTcl3.1.dylib */;
		};
/* End PBXLibraryTarget section */

/* Begin PBXNativeTarget section */
		61E14D7F17A32A170051B132 /* QuickTimeTcl dylib (Upgraded) */ = {
			isa = PBXNativeTarget;
			buildConfigurationList = 61E14DA217A32A170051B132 /* Build configuration list for PBXNativeTarget "QuickTimeTcl dylib (Upgraded)" */;
			buildPhases = (
				61E14D8017A32A170051B132 /* ShellScript */,
				61E14D8117A32A170051B132 /* Headers */,
				61E14D8817A32A170051B132 /* Sources */,
				61E14D9A17A32A170051B132 /* Frameworks */,
				61E14DA017A32A170051B132 /* Rez */,
				61E14DA117A32A170051B132 /* ShellScript */,
			);
			buildRules = (
			);
			dependencies = (
			);
			name = "QuickTimeTcl dylib (Upgraded)";
			productInstallPath = "/Library/Tcl/QuickTimeTcl${DYLIB_COMPATIBILITY_VERSION}";
			productName = "MovableAlerts dylib";
			productReference = 61E14DA617A32A180051B132 /* QuickTimeTcl3.1.dylib */;
			productType = "com.apple.product-type.library.dynamic";
		};
/* End PBXNativeTarget section */

/* Begin PBXProject section */
		0867D690FE84028FC02AAC07 /* Project object */ = {
			isa = PBXProject;
			attributes = {
				LastUpgradeCheck = 1320;
			};
			buildConfigurationList = A533E92B16093BEE00C683E3 /* Build configuration list for PBXProject "QuickTimeTcl" */;
			compatibilityVersion = "Xcode 2.4";
			developmentRegion = en;
			hasScannedForEncodings = 1;
			knownRegions = (
				en,
				de,
				fr,
				ja,
				Base,
			);
			mainGroup = 0867D691FE84028FC02AAC07 /* MatsFramework */;
			productRefGroup = 034768DDFF38A45A11DB9C8B /* Products */;
			projectDirPath = "";
			projectRoot = "";
			targets = (
				61E14D7F17A32A170051B132 /* QuickTimeTcl dylib (Upgraded) */,
				F550918D036C35030130931B /* QuickTimeTcl dylib */,
			);
		};
/* End PBXProject section */

/* Begin PBXRezBuildPhase section */
		61E14DA017A32A170051B132 /* Rez */ = {
			isa = PBXRezBuildPhase;
			buildActionMask = 2147483647;
			files = (
			);
			runOnlyForDeploymentPostprocessing = 0;
		};
		F550918C036C35030130931B /* Rez */ = {
			isa = PBXRezBuildPhase;
			buildActionMask = 2147483647;
			files = (
			);
			runOnlyForDeploymentPostprocessing = 0;
		};
/* End PBXRezBuildPhase section */

/* Begin PBXShellScriptBuildPhase section */
		61E14D8017A32A170051B132 /* ShellScript */ = {
			isa = PBXShellScriptBuildPhase;
			buildActionMask = 8;
			files = (
			);
			runOnlyForDeploymentPostprocessing = 1;
			shellPath = /bin/sh;
			shellScript = "#!/bin/sh\n\nsource /Library/Frameworks/Tk.framework/tkConfig.sh\n\n# ensure we can overwrite a previous install\nif [ -d \"${INSTALL_ROOT}${INSTALL_PATH}\" ]; then\n    chmod -RH u+w \"${INSTALL_ROOT}${INSTALL_PATH}\"\nfi";
		};
		61E14DA117A32A170051B132 /* ShellScript */ = {
			isa = PBXShellScriptBuildPhase;
			buildActionMask = 2147483647;
			files = (
			);
			runOnlyForDeploymentPostprocessing = 0;
			shellPath = /bin/sh;
			shellScript = "#!/bin/sh\n\nsource /Library/Frameworks/Tk.framework/tkConfig.sh\n\n/usr/bin/install -m 444 -g staff \"${SRCROOT}/pkgIndex.tcl\" \"${TARGET_BUILD_DIR}\"\n/usr/bin/install -m 444 -g staff \"${SRCROOT}/movie.tcl\" \"${TARGET_BUILD_DIR}\"";
		};
		9A57CB83042709AD000D8B82 /* ShellScript */ = {
			isa = PBXShellScriptBuildPhase;
			buildActionMask = 8;
			files = (
			);
			runOnlyForDeploymentPostprocessing = 1;
			shellPath = /bin/sh;
			shellScript = "# ensure we can overwrite a previous install\nif [ -d \"${INSTALL_ROOT}${INSTALL_PATH}\" ]; then\n    chmod -RH u+w \"${INSTALL_ROOT}${INSTALL_PATH}\"\nfi";
		};
		9A57CB84042709D4000D8B82 /* ShellScript */ = {
			isa = PBXShellScriptBuildPhase;
			buildActionMask = 2147483647;
			files = (
			);
			runOnlyForDeploymentPostprocessing = 0;
			shellPath = /bin/sh;
			shellScript = "/usr/bin/install -m 444 -g staff \"${SRCROOT}/pkgIndex.tcl\" \"${TARGET_BUILD_DIR}\"\n/usr/bin/install -m 444 -g staff \"${SRCROOT}/movie.tcl\" \"${TARGET_BUILD_DIR}\"";
		};
/* End PBXShellScriptBuildPhase section */

/* Begin PBXSourcesBuildPhase section */
		61E14D8817A32A170051B132 /* Sources */ = {
			isa = PBXSourcesBuildPhase;
			buildActionMask = 2147483647;
			files = (
				61E14D8917A32A170051B132 /* MoviePlayer.c in Sources */,
				61E14D8A17A32A170051B132 /* MovieQTVRUtils.c in Sources */,
				61E14D8B17A32A170051B132 /* QuickTimeTcl.c in Sources */,
				61E14D8C17A32A170051B132 /* SeqGrabber.c in Sources */,
				61E14D8D17A32A170051B132 /* Tfp_Arrays.c in Sources */,
				61E14D8E17A32A170051B132 /* TimeCode.c in Sources */,
				61E14D8F17A32A170051B132 /* UserData.c in Sources */,
				61E14D9017A32A170051B132 /* EffectCommand.c in Sources */,
				61E14D9117A32A170051B132 /* ExportCommand.c in Sources */,
				61E14D9217A32A170051B132 /* MovieCallBack.c in Sources */,
				61E14D9317A32A170051B132 /* MovieUtils.c in Sources */,
				61E14D9417A32A170051B132 /* TracksCommand.c in Sources */,
				61E14D9517A32A170051B132 /* Utils.c in Sources */,
				61E14D9617A32A170051B132 /* osxMacTcl.c in Sources */,
				61E14D9717A32A170051B132 /* Broadcast.c in Sources */,
				61E14D9817A32A170051B132 /* NavigationGetFile.c in Sources */,
				61E14D9917A32A170051B132 /* SystemUI.c in Sources */,
			);
			runOnlyForDeploymentPostprocessing = 0;
		};
		F550918A036C35030130931B /* Sources */ = {
			isa = PBXSourcesBuildPhase;
			buildActionMask = 2147483647;
			files = (
				F5151037037FEF6D01FE12CD /* MoviePlayer.c in Sources */,
				F5151038037FEF6D01FE12CD /* MovieQTVRUtils.c in Sources */,
				F515103E037FEFAD01FE12CD /* QuickTimeTcl.c in Sources */,
				F5151044037FEFCC01FE12CD /* SeqGrabber.c in Sources */,
				F5151045037FEFCC01FE12CD /* Tfp_Arrays.c in Sources */,
				9A89517D03F514530038A759 /* TimeCode.c in Sources */,
				9A9603160410D07700CBE39A /* UserData.c in Sources */,
				9A5EB6E4041F7ACF00D04299 /* EffectCommand.c in Sources */,
				9A5EB6E6041F7ADF00D04299 /* ExportCommand.c in Sources */,
				9A5EB6E8041F7AF100D04299 /* MovieCallBack.c in Sources */,
				9A5EB6EC041F7B0B00D04299 /* MovieUtils.c in Sources */,
				9A5EB6F0041F7B2B00D04299 /* TracksCommand.c in Sources */,
				9A5EB6F2041F7B3800D04299 /* Utils.c in Sources */,
				9A57F99E0428A7190092B6B0 /* osxMacTcl.c in Sources */,
				9A750F2B04330FE000A8000C /* Broadcast.c in Sources */,
				9A1DB81C043C78B100B00F29 /* NavigationGetFile.c in Sources */,
				9AE3433B0651FC5500D67178 /* SystemUI.c in Sources */,
			);
			runOnlyForDeploymentPostprocessing = 0;
		};
/* End PBXSourcesBuildPhase section */

/* Begin XCBuildConfiguration section */
		61E14DA317A32A170051B132 /* Development */ = {
			isa = XCBuildConfiguration;
			buildSettings = {
				CLANG_ENABLE_OBJC_WEAK = YES;
				COPY_PHASE_STRIP = NO;
				DYLIB_COMPATIBILITY_VERSION = 3.1;
				DYLIB_CURRENT_VERSION = 3.1;
				EXPORTED_SYMBOLS_FILE = ./PBExportedSymbols;
				FRAMEWORK_SEARCH_PATHS = (
					/System/Library/Frameworks,
					/Library/Frameworks,
				);
				GCC_DYNAMIC_NO_PIC = NO;
				GCC_GENERATE_DEBUGGING_SYMBOLS = YES;
				GCC_OPTIMIZATION_LEVEL = 0;
				GCC_PREPROCESSOR_DEFINITIONS = (
					USE_TCL_STUBS,
					"TARGET_OS_MAC=1",
					"TARGET_API_MAC_CARBON=1",
					USE_TK_STUBS,
					MAC_OSX_TK,
				);
				GCC_WARN_FOUR_CHARACTER_CONSTANTS = NO;
				GCC_WARN_UNKNOWN_PRAGMAS = NO;
				GLOBAL_CFLAGS = "";
				HAVE_CONFIG_H = 1;
				HEADER_SEARCH_PATHS = (
					"$(LOCAL_LIBRARY_DIR)/Frameworks/Tk.framework/Headers",
					"$(LOCAL_LIBRARY_DIR)/Frameworks/Tk.framework/PrivateHeaders",
					/Users/matben/C/cvs/tk8.4/generic,
				);
				INSTALL_PATH = "/Library/Tcl/QuickTimeTcl${DYLIB_COMPATIBILITY_VERSION}";
				LIBRARY_SEARCH_PATHS = (
					"$(LOCAL_LIBRARY_DIR)/Frameworks/Tcl.framework",
					"$(LOCAL_LIBRARY_DIR)/Frameworks/Tk.framework",
					"$(LOCAL_LIBRARY_DIR)/Frameworks/Tk.framework/Headers/X11",
				);
				LIBRARY_STYLE = DYNAMIC;
				MACH_O_TYPE = mh_dylib;
				OTHER_CFLAGS = "";
				OTHER_LDFLAGS = "";
				OTHER_LIBTOOL_FLAGS = "";
				OTHER_REZFLAGS = "";
				PRODUCT_NAME = QuickTimeTcl3.1;
				REZ_EXECUTABLE = YES;
				SECTORDER_FLAGS = "";
				WARNING_CFLAGS = (
					"-Wmost",
					"-Wno-four-char-constants",
					"-Wno-unknown-pragmas",
				);
				ZERO_LINK = YES;
			};
			name = Development;
		};
		61E14DA417A32A170051B132 /* Deployment */ = {
			isa = XCBuildConfiguration;
			buildSettings = {
				CLANG_ENABLE_OBJC_WEAK = YES;
				COPY_PHASE_STRIP = YES;
				DYLIB_COMPATIBILITY_VERSION = 3.1;
				DYLIB_CURRENT_VERSION = 3.1;
				EXPORTED_SYMBOLS_FILE = ./PBExportedSymbols;
				FRAMEWORK_SEARCH_PATHS = "";
				GCC_GENERATE_DEBUGGING_SYMBOLS = NO;
				GCC_OPTIMIZATION_LEVEL = 0;
				GCC_PREPROCESSOR_DEFINITIONS = (
					USE_TCL_STUBS,
					"TARGET_OS_MAC=1",
					"TARGET_API_MAC_CARBON=1",
					USE_TK_STUBS,
					MAC_OSX_TK,
				);
				GCC_SYMBOLS_PRIVATE_EXTERN = NO;
				GLOBAL_CFLAGS = "-I`source \"$(LOCAL_LIBRARY_DIR)/Frameworks/Tk.framework/tkConfig.sh\"; echo $${}{TK_SRC_DIR}`/generic";
				HEADER_SEARCH_PATHS = (
					"$(LOCAL_LIBRARY_DIR)/Frameworks/Tk.framework/Headers",
					"$(LOCAL_LIBRARY_DIR)/Frameworks/Tk.framework/PrivateHeaders",
					/Users/matben/C/cvs/tk8.4/generic,
				);
				INSTALL_PATH = "/Library/Tcl/QuickTimeTcl${DYLIB_COMPATIBILITY_VERSION}";
				LIBRARY_SEARCH_PATHS = (
					"$(LOCAL_LIBRARY_DIR)/Frameworks/Tcl.framework",
					"$(LOCAL_LIBRARY_DIR)/Frameworks/Tk.framework",
					"$(LOCAL_LIBRARY_DIR)/Frameworks/Tk.framework/Headers/X11",
				);
				LIBRARY_STYLE = DYNAMIC;
				MACH_O_TYPE = mh_dylib;
				OTHER_CFLAGS = "";
				OTHER_LDFLAGS = "";
				OTHER_LIBTOOL_FLAGS = "";
				OTHER_REZFLAGS = "";
				PRODUCT_NAME = QuickTimeTcl3.1;
				REZ_EXECUTABLE = YES;
				SECTORDER_FLAGS = "";
				WARNING_CFLAGS = (
					"-Wmost",
					"-Wno-four-char-constants",
					"-Wno-unknown-pragmas",
				);
				ZERO_LINK = NO;
			};
			name = Deployment;
		};
		61E14DA517A32A170051B132 /* Default */ = {
			isa = XCBuildConfiguration;
			buildSettings = {
				CLANG_ENABLE_OBJC_WEAK = YES;
				DYLIB_COMPATIBILITY_VERSION = 3.1;
				DYLIB_CURRENT_VERSION = 3.1;
				EXPORTED_SYMBOLS_FILE = ./PBExportedSymbols;
				FRAMEWORK_SEARCH_PATHS = "";
				GCC_OPTIMIZATION_LEVEL = 0;
				GCC_PREPROCESSOR_DEFINITIONS = (
					USE_TCL_STUBS,
					"TARGET_OS_MAC=1",
					"TARGET_API_MAC_CARBON=1",
					USE_TK_STUBS,
					MAC_OSX_TK,
				);
				GCC_SYMBOLS_PRIVATE_EXTERN = NO;
				GLOBAL_CFLAGS = "-I`source \"$(LOCAL_LIBRARY_DIR)/Frameworks/Tk.framework/tkConfig.sh\"; echo $${}{TK_SRC_DIR}`/generic";
				HEADER_SEARCH_PATHS = (
					"$(LOCAL_LIBRARY_DIR)/Frameworks/Tk.framework/Headers",
					"$(LOCAL_LIBRARY_DIR)/Frameworks/Tk.framework/PrivateHeaders",
					/Users/matben/C/cvs/tk8.4/generic,
				);
				INSTALL_PATH = "/Library/Tcl/QuickTimeTcl${DYLIB_COMPATIBILITY_VERSION}";
				LIBRARY_SEARCH_PATHS = (
					"$(LOCAL_LIBRARY_DIR)/Frameworks/Tcl.framework",
					"$(LOCAL_LIBRARY_DIR)/Frameworks/Tk.framework",
					"$(LOCAL_LIBRARY_DIR)/Frameworks/Tk.framework/Headers/X11",
				);
				LIBRARY_STYLE = DYNAMIC;
				MACH_O_TYPE = mh_dylib;
				OTHER_CFLAGS = "";
				OTHER_LDFLAGS = "";
				OTHER_LIBTOOL_FLAGS = "";
				OTHER_REZFLAGS = "";
				PRODUCT_NAME = QuickTimeTcl3.1;
				REZ_EXECUTABLE = YES;
				SECTORDER_FLAGS = "";
				WARNING_CFLAGS = (
					"-Wmost",
					"-Wno-four-char-constants",
					"-Wno-unknown-pragmas",
				);
			};
			name = Default;
		};
		A533E92516093BED00C683E3 /* Development */ = {
			isa = XCBuildConfiguration;
			buildSettings = {
				CLANG_ANALYZER_LOCALIZABILITY_NONLOCALIZED = YES;
				CLANG_WARN_BLOCK_CAPTURE_AUTORELEASING = YES;
				CLANG_WARN_BOOL_CONVERSION = YES;
				CLANG_WARN_COMMA = YES;
				CLANG_WARN_CONSTANT_CONVERSION = YES;
				CLANG_WARN_DEPRECATED_OBJC_IMPLEMENTATIONS = YES;
				CLANG_WARN_EMPTY_BODY = YES;
				CLANG_WARN_ENUM_CONVERSION = YES;
				CLANG_WARN_INFINITE_RECURSION = YES;
				CLANG_WARN_INT_CONVERSION = YES;
				CLANG_WARN_NON_LITERAL_NULL_CONVERSION = YES;
				CLANG_WARN_OBJC_IMPLICIT_RETAIN_SELF = YES;
				CLANG_WARN_OBJC_LITERAL_CONVERSION = YES;
				CLANG_WARN_QUOTED_INCLUDE_IN_FRAMEWORK_HEADER = YES;
				CLANG_WARN_RANGE_LOOP_ANALYSIS = YES;
				CLANG_WARN_STRICT_PROTOTYPES = YES;
				CLANG_WARN_SUSPICIOUS_MOVE = YES;
				CLANG_WARN_UNREACHABLE_CODE = YES;
				CLANG_WARN__DUPLICATE_METHOD_MATCH = YES;
				DEBUG_INFORMATION_FORMAT = "dwarf-with-dsym";
				ENABLE_STRICT_OBJC_MSGSEND = YES;
				ENABLE_TESTABILITY = YES;
				GCC_ENABLE_EXCEPTIONS = YES;
				GCC_NO_COMMON_BLOCKS = YES;
				GCC_OPTIMIZATION_LEVEL = 0;
				GCC_PRECOMPILE_PREFIX_HEADER = YES;
				GCC_WARN_64_TO_32_BIT_CONVERSION = YES;
				GCC_WARN_ABOUT_GLOBAL_CONSTRUCTORS = YES;
				GCC_WARN_ABOUT_MISSING_FIELD_INITIALIZERS = YES;
				GCC_WARN_ABOUT_MISSING_NEWLINE = YES;
				GCC_WARN_ABOUT_MISSING_PROTOTYPES = YES;
				GCC_WARN_ABOUT_RETURN_TYPE = YES;
				GCC_WARN_CHECK_SWITCH_STATEMENTS = YES;
				GCC_WARN_EFFECTIVE_CPLUSPLUS_VIOLATIONS = YES;
				GCC_WARN_FOUR_CHARACTER_CONSTANTS = YES;
				GCC_WARN_HIDDEN_VIRTUAL_FUNCTIONS = YES;
				GCC_WARN_INITIALIZER_NOT_FULLY_BRACKETED = YES;
				GCC_WARN_MISSING_PARENTHESES = YES;
				GCC_WARN_MULTIPLE_DEFINITION_TYPES_FOR_SELECTOR = YES;
				GCC_WARN_NON_VIRTUAL_DESTRUCTOR = YES;
				GCC_WARN_SHADOW = YES;
				GCC_WARN_SIGN_COMPARE = YES;
				GCC_WARN_STRICT_SELECTOR_MATCH = YES;
				GCC_WARN_UNDECLARED_SELECTOR = YES;
				GCC_WARN_UNINITIALIZED_AUTOS = YES;
				GCC_WARN_UNKNOWN_PRAGMAS = YES;
				GCC_WARN_UNUSED_FUNCTION = YES;
				GCC_WARN_UNUSED_LABEL = YES;
				GCC_WARN_UNUSED_PARAMETER = YES;
				GCC_WARN_UNUSED_VALUE = YES;
				GCC_WARN_UNUSED_VARIABLE = YES;
				GENERATE_PKGINFO_FILE = YES;
				GENERATE_PROFILING_CODE = YES;
				LD_GENERATE_MAP_FILE = YES;
				ONLY_ACTIVE_ARCH = YES;
				RUN_CLANG_STATIC_ANALYZER = YES;
				SCAN_ALL_SOURCE_FILES_FOR_INCLUDES = YES;
				VALIDATE_PRODUCT = YES;
				VERSIONING_SYSTEM = "apple-generic";
			};
			name = Development;
		};
		A533E92616093BED00C683E3 /* Deployment */ = {
			isa = XCBuildConfiguration;
			buildSettings = {
				CLANG_ANALYZER_LOCALIZABILITY_NONLOCALIZED = YES;
				CLANG_WARN_BLOCK_CAPTURE_AUTORELEASING = YES;
				CLANG_WARN_BOOL_CONVERSION = YES;
				CLANG_WARN_COMMA = YES;
				CLANG_WARN_CONSTANT_CONVERSION = YES;
				CLANG_WARN_DEPRECATED_OBJC_IMPLEMENTATIONS = YES;
				CLANG_WARN_EMPTY_BODY = YES;
				CLANG_WARN_ENUM_CONVERSION = YES;
				CLANG_WARN_INFINITE_RECURSION = YES;
				CLANG_WARN_INT_CONVERSION = YES;
				CLANG_WARN_NON_LITERAL_NULL_CONVERSION = YES;
				CLANG_WARN_OBJC_IMPLICIT_RETAIN_SELF = YES;
				CLANG_WARN_OBJC_LITERAL_CONVERSION = YES;
				CLANG_WARN_QUOTED_INCLUDE_IN_FRAMEWORK_HEADER = YES;
				CLANG_WARN_RANGE_LOOP_ANALYSIS = YES;
				CLANG_WARN_STRICT_PROTOTYPES = YES;
				CLANG_WARN_SUSPICIOUS_MOVE = YES;
				CLANG_WARN_UNREACHABLE_CODE = YES;
				CLANG_WARN__DUPLICATE_METHOD_MATCH = YES;
				ENABLE_STRICT_OBJC_MSGSEND = YES;
				GCC_NO_COMMON_BLOCKS = YES;
				GCC_WARN_UNINITIALIZED_AUTOS = YES;
			};
			name = Deployment;
		};
		A533E92716093BED00C683E3 /* Default */ = {
			isa = XCBuildConfiguration;
			buildSettings = {
				CLANG_ANALYZER_LOCALIZABILITY_NONLOCALIZED = YES;
				CLANG_WARN_BLOCK_CAPTURE_AUTORELEASING = YES;
				CLANG_WARN_BOOL_CONVERSION = YES;
				CLANG_WARN_COMMA = YES;
				CLANG_WARN_CONSTANT_CONVERSION = YES;
				CLANG_WARN_DEPRECATED_OBJC_IMPLEMENTATIONS = YES;
				CLANG_WARN_EMPTY_BODY = YES;
				CLANG_WARN_ENUM_CONVERSION = YES;
				CLANG_WARN_INFINITE_RECURSION = YES;
				CLANG_WARN_INT_CONVERSION = YES;
				CLANG_WARN_NON_LITERAL_NULL_CONVERSION = YES;
				CLANG_WARN_OBJC_IMPLICIT_RETAIN_SELF = YES;
				CLANG_WARN_OBJC_LITERAL_CONVERSION = YES;
				CLANG_WARN_QUOTED_INCLUDE_IN_FRAMEWORK_HEADER = YES;
				CLANG_WARN_RANGE_LOOP_ANALYSIS = YES;
				CLANG_WARN_STRICT_PROTOTYPES = YES;
				CLANG_WARN_SUSPICIOUS_MOVE = YES;
				CLANG_WARN_UNREACHABLE_CODE = YES;
				CLANG_WARN__DUPLICATE_METHOD_MATCH = YES;
				ENABLE_STRICT_OBJC_MSGSEND = YES;
				GCC_NO_COMMON_BLOCKS = YES;
				GCC_WARN_UNINITIALIZED_AUTOS = YES;
			};
			name = Default;
		};
		A533E92816093BED00C683E3 /* Development */ = {
			isa = XCBuildConfiguration;
			buildSettings = {
				CLANG_ENABLE_OBJC_WEAK = YES;
				COPY_PHASE_STRIP = NO;
				DYLIB_COMPATIBILITY_VERSION = 3.1;
				DYLIB_CURRENT_VERSION = 3.1;
				EXPORTED_SYMBOLS_FILE = ./PBExportedSymbols;
				FRAMEWORK_SEARCH_PATHS = "";
				GCC_DYNAMIC_NO_PIC = NO;
				GCC_GENERATE_DEBUGGING_SYMBOLS = YES;
				GCC_OPTIMIZATION_LEVEL = 0;
				GLOBAL_CFLAGS = "-I`source \"$(LOCAL_LIBRARY_DIR)/Frameworks/Tk.framework/tkConfig.sh\"; echo $${}{TK_SRC_DIR}`/generic";
				HEADER_SEARCH_PATHS = (
					"$(LOCAL_LIBRARY_DIR)/Frameworks/Tk.framework/Headers",
					"$(LOCAL_LIBRARY_DIR)/Frameworks/Tk.framework/PrivateHeaders",
					/Users/matben/C/cvs/tk8.4/generic,
				);
				INSTALL_PATH = "/Library/Tcl/QuickTimeTcl${DYLIB_COMPATIBILITY_VERSION}";
				LIBRARY_SEARCH_PATHS = (
					"$(LOCAL_LIBRARY_DIR)/Frameworks/Tcl.framework",
					"$(LOCAL_LIBRARY_DIR)/Frameworks/Tk.framework",
					"$(LOCAL_LIBRARY_DIR)/Frameworks/Tk.framework/Headers/X11",
				);
				LIBRARY_STYLE = DYNAMIC;
				OTHER_CFLAGS = (
					"-DUSE_TCL_STUBS",
					"-DTARGET_OS_MAC=1",
					"-DTARGET_API_MAC_CARBON=1",
					"-DUSE_TK_STUBS",
					"-DMAC_OSX_TK",
				);
				OTHER_LDFLAGS = "";
				OTHER_LIBTOOL_FLAGS = "";
				OTHER_REZFLAGS = "";
				PRODUCT_NAME = QuickTimeTcl3.1.dylib;
				REZ_EXECUTABLE = YES;
				SECTORDER_FLAGS = "";
				WARNING_CFLAGS = (
					"-Wmost",
					"-Wno-four-char-constants",
					"-Wno-unknown-pragmas",
				);
				ZERO_LINK = YES;
			};
			name = Development;
		};
		A533E92916093BED00C683E3 /* Deployment */ = {
			isa = XCBuildConfiguration;
			buildSettings = {
				CLANG_ENABLE_OBJC_WEAK = YES;
				COPY_PHASE_STRIP = YES;
				DEBUGGING_SYMBOLS = NO;
				DYLIB_COMPATIBILITY_VERSION = 3.1;
				DYLIB_CURRENT_VERSION = 3.1;
				EXPORTED_SYMBOLS_FILE = ./PBExportedSymbols;
				FRAMEWORK_SEARCH_PATHS = "";
				GCC_OPTIMIZATION_LEVEL = 0;
				GLOBAL_CFLAGS = "-I`source \"$(LOCAL_LIBRARY_DIR)/Frameworks/Tk.framework/tkConfig.sh\"; echo $${}{TK_SRC_DIR}`/generic";
				HEADER_SEARCH_PATHS = (
					"$(LOCAL_LIBRARY_DIR)/Frameworks/Tk.framework/Headers",
					"$(LOCAL_LIBRARY_DIR)/Frameworks/Tk.framework/PrivateHeaders",
					/Users/matben/C/cvs/tk8.4/generic,
				);
				INSTALL_PATH = "/Library/Tcl/QuickTimeTcl${DYLIB_COMPATIBILITY_VERSION}";
				LIBRARY_SEARCH_PATHS = (
					"$(LOCAL_LIBRARY_DIR)/Frameworks/Tcl.framework",
					"$(LOCAL_LIBRARY_DIR)/Frameworks/Tk.framework",
					"$(LOCAL_LIBRARY_DIR)/Frameworks/Tk.framework/Headers/X11",
				);
				LIBRARY_STYLE = DYNAMIC;
				OTHER_CFLAGS = (
					"-DUSE_TCL_STUBS",
					"-DTARGET_OS_MAC=1",
					"-DTARGET_API_MAC_CARBON=1",
					"-DUSE_TK_STUBS",
					"-DMAC_OSX_TK",
				);
				OTHER_LDFLAGS = "";
				OTHER_LIBTOOL_FLAGS = "";
				OTHER_REZFLAGS = "";
				PRODUCT_NAME = QuickTimeTcl3.1.dylib;
				REZ_EXECUTABLE = YES;
				SECTORDER_FLAGS = "";
				WARNING_CFLAGS = (
					"-Wmost",
					"-Wno-four-char-constants",
					"-Wno-unknown-pragmas",
				);
				ZERO_LINK = NO;
			};
			name = Deployment;
		};
		A533E92A16093BED00C683E3 /* Default */ = {
			isa = XCBuildConfiguration;
			buildSettings = {
				CLANG_ENABLE_OBJC_WEAK = YES;
				DYLIB_COMPATIBILITY_VERSION = 3.1;
				DYLIB_CURRENT_VERSION = 3.1;
				EXPORTED_SYMBOLS_FILE = ./PBExportedSymbols;
				FRAMEWORK_SEARCH_PATHS = "";
				GCC_OPTIMIZATION_LEVEL = 0;
				GLOBAL_CFLAGS = "-I`source \"$(LOCAL_LIBRARY_DIR)/Frameworks/Tk.framework/tkConfig.sh\"; echo $${}{TK_SRC_DIR}`/generic";
				HEADER_SEARCH_PATHS = (
					"$(LOCAL_LIBRARY_DIR)/Frameworks/Tk.framework/Headers",
					"$(LOCAL_LIBRARY_DIR)/Frameworks/Tk.framework/PrivateHeaders",
					/Users/matben/C/cvs/tk8.4/generic,
				);
				INSTALL_PATH = "/Library/Tcl/QuickTimeTcl${DYLIB_COMPATIBILITY_VERSION}";
				LIBRARY_SEARCH_PATHS = (
					"$(LOCAL_LIBRARY_DIR)/Frameworks/Tcl.framework",
					"$(LOCAL_LIBRARY_DIR)/Frameworks/Tk.framework",
					"$(LOCAL_LIBRARY_DIR)/Frameworks/Tk.framework/Headers/X11",
				);
				LIBRARY_STYLE = DYNAMIC;
				OTHER_CFLAGS = (
					"-DUSE_TCL_STUBS",
					"-DTARGET_OS_MAC=1",
					"-DTARGET_API_MAC_CARBON=1",
					"-DUSE_TK_STUBS",
					"-DMAC_OSX_TK",
				);
				OTHER_LDFLAGS = "";
				OTHER_LIBTOOL_FLAGS = "";
				OTHER_REZFLAGS = "";
				PRODUCT_NAME = QuickTimeTcl3.1.dylib;
				REZ_EXECUTABLE = YES;
				SECTORDER_FLAGS = "";
				WARNING_CFLAGS = (
					"-Wmost",
					"-Wno-four-char-constants",
					"-Wno-unknown-pragmas",
				);
			};
			name = Default;
		};
/* End XCBuildConfiguration section */

/* Begin XCConfigurationList section */
		61E14DA217A32A170051B132 /* Build configuration list for PBXNativeTarget "QuickTimeTcl dylib (Upgraded)" */ = {
			isa = XCConfigurationList;
			buildConfigurations = (
				61E14DA317A32A170051B132 /* Development */,
				61E14DA417A32A170051B132 /* Deployment */,
				61E14DA517A32A170051B132 /* Default */,
			);
			defaultConfigurationIsVisible = 0;
			defaultConfigurationName = Default;
		};
		A533E92B16093BEE00C683E3 /* Build configuration list for PBXProject "QuickTimeTcl" */ = {
			isa = XCConfigurationList;
			buildConfigurations = (
				A533E92516093BED00C683E3 /* Development */,
				A533E92616093BED00C683E3 /* Deployment */,
				A533E92716093BED00C683E3 /* Default */,
			);
			defaultConfigurationIsVisible = 0;
			defaultConfigurationName = Default;
		};
		A533E92C16093BEE00C683E3 /* Build configuration list for PBXLibraryTarget "QuickTimeTcl dylib" */ = {
			isa = XCConfigurationList;
			buildConfigurations = (
				A533E92816093BED00C683E3 /* Development */,
				A533E92916093BED00C683E3 /* Deployment */,
				A533E92A16093BED00C683E3 /* Default */,
			);
			defaultConfigurationIsVisible = 0;
			defaultConfigurationName = Default;
		};
/* End XCConfigurationList section */
	};
	rootObject = 0867D690FE84028FC02AAC07 /* Project object */;
}
